<?xml version="1.0" encoding="utf-8"?>
<Project ToolsVersion="4.0" xmlns="http://schemas.microsoft.com/developer/msbuild/2003">
  <ItemGroup>
    <Filter Include="源文件">
      <UniqueIdentifier>{4FC737F1-C7A5-4376-A066-2A32D752A2FF}</UniqueIdentifier>
      <Extensions>cpp;c;cc;cxx;c++;cppm;ixx;def;odl;idl;hpj;bat;asm;asmx</Extensions>
    </Filter>
    <Filter Include="头文件">
      <UniqueIdentifier>{93995380-89BD-4b04-88EB-625FBE52EBFB}</UniqueIdentifier>
      <Extensions>h;hh;hpp;hxx;h++;hm;inl;inc;ipp;xsd</Extensions>
    </Filter>
    <Filter Include="资源文件">
      <UniqueIdentifier>{67DA6AB6-F800-4c08-8B7A-83BB121AAD01}</UniqueIdentifier>
      <Extensions>rc;ico;cur;bmp;dlg;rc2;rct;bin;rgs;gif;jpg;jpeg;jpe;resx;tiff;tif;png;wav;mfcribbon-ms</Extensions>
    </Filter>
    <Filter Include="shell">
      <UniqueIdentifier>{bbd1d1ee-6c46-477b-83a8-55f80f7bbd97}</UniqueIdentifier>
    </Filter>
    <Filter Include="backends">
      <UniqueIdentifier>{b56c2ca3-2613-4a19-9928-b9950a07eca3}</UniqueIdentifier>
    </Filter>
    <Filter Include="ini">
      <UniqueIdentifier>{b17d7698-f017-49e4-b0d8-9c0f032ac342}</UniqueIdentifier>
    </Filter>
    <Filter Include="util">
      <UniqueIdentifier>{a4f1622f-7d40-4590-8d1a-662501260c33}</UniqueIdentifier>
    </Filter>
    <Filter Include="container">
      <UniqueIdentifier>{b94a8a38-da08-4f7b-bea7-5a536b1207dd}</UniqueIdentifier>
    </Filter>
    <Filter Include="net">
      <UniqueIdentifier>{05674a12-3cd7-4237-9d28-d73cf1eb609c}</UniqueIdentifier>
    </Filter>
  </ItemGroup>
  <ItemGroup>
    <ClCompile Include="main.cpp">
      <Filter>源文件</Filter>
    </ClCompile>
    <ClCompile Include="shell\src\PlatformExtensions.cpp">
      <Filter>shell</Filter>
    </ClCompile>
    <ClCompile Include="shell\src\RendererExtensions.cpp">
      <Filter>shell</Filter>
    </ClCompile>
    <ClCompile Include="shell\src\Shell.cpp">
      <Filter>shell</Filter>
    </ClCompile>
    <ClCompile Include="shell\src\ShellFileInterface.cpp">
      <Filter>shell</Filter>
    </ClCompile>
    <ClCompile Include="backends\RmlUi_Backend_Win32_GL2.cpp">
      <Filter>backends</Filter>
    </ClCompile>
    <ClCompile Include="backends\RmlUi_Platform_Win32.cpp">
      <Filter>backends</Filter>
    </ClCompile>
    <ClCompile Include="backends\RmlUi_Renderer_GL2.cpp">
      <Filter>backends</Filter>
    </ClCompile>
    <ClCompile Include="csv_parse.h">
      <Filter>util</Filter>
    </ClCompile>
    <ClCompile Include="StrUtil.cpp">
      <Filter>util</Filter>
    </ClCompile>
    <ClCompile Include="demo.cpp">
      <Filter>头文件</Filter>
    </ClCompile>
    <ClCompile Include="sensor.cpp">
      <Filter>container</Filter>
    </ClCompile>
    <ClCompile Include="model_automation.cpp">
      <Filter>container</Filter>
    </ClCompile>
    <ClCompile Include="model_am_tcp_client.cpp">
      <Filter>net</Filter>
    </ClCompile>
    <ClCompile Include="SafeQueue.cpp">
      <Filter>头文件</Filter>
    </ClCompile>
    <ClCompile Include="conf.cpp">
      <Filter>container</Filter>
    </ClCompile>
    <ClCompile Include="model_conf_tcp_client.cpp">
      <Filter>net</Filter>
    </ClCompile>
    <ClCompile Include="model_am_up_tcp_client.cpp">
      <Filter>net</Filter>
    </ClCompile>
    <ClCompile Include="model_conf.cpp">
      <Filter>container</Filter>
    </ClCompile>
  </ItemGroup>
  <ItemGroup>
    <ClInclude Include="shell\include\PlatformExtensions.h">
      <Filter>shell</Filter>
    </ClInclude>
    <ClInclude Include="shell\include\RendererExtensions.h">
      <Filter>shell</Filter>
    </ClInclude>
    <ClInclude Include="shell\include\Shell.h">
      <Filter>shell</Filter>
    </ClInclude>
    <ClInclude Include="shell\include\ShellFileInterface.h">
      <Filter>shell</Filter>
    </ClInclude>
    <ClInclude Include="backends\RmlUi_Backend.h">
      <Filter>backends</Filter>
    </ClInclude>
    <ClInclude Include="backends\RmlUi_Include_Windows.h">
      <Filter>backends</Filter>
    </ClInclude>
    <ClInclude Include="backends\RmlUi_Platform_Win32.h">
      <Filter>backends</Filter>
    </ClInclude>
    <ClInclude Include="backends\RmlUi_Renderer_GL2.h">
      <Filter>backends</Filter>
    </ClInclude>
    <ClInclude Include="log.hpp">
      <Filter>头文件</Filter>
    </ClInclude>
    <ClInclude Include="INIReader.h">
      <Filter>ini</Filter>
    </ClInclude>
    <ClInclude Include="StrUtil.h">
      <Filter>util</Filter>
    </ClInclude>
    <ClInclude Include="sensor.hpp">
      <Filter>container</Filter>
    </ClInclude>
    <ClInclude Include="model_am_tcp_client.hpp">
      <Filter>net</Filter>
    </ClInclude>
    <ClInclude Include="out_cache.hpp">
      <Filter>头文件</Filter>
    </ClInclude>
    <ClInclude Include="SafeQueue.hpp">
      <Filter>头文件</Filter>
    </ClInclude>
    <ClInclude Include="model_automation.hpp">
      <Filter>container</Filter>
    </ClInclude>
    <ClInclude Include="conf.hpp">
      <Filter>container</Filter>
    </ClInclude>
    <ClInclude Include="model_conf_tcp_client.hpp">
      <Filter>net</Filter>
    </ClInclude>
    <ClInclude Include="model_am_up_tcp_client.hpp">
      <Filter>net</Filter>
    </ClInclude>
    <ClInclude Include="model_conf.hpp">
      <Filter>container</Filter>
    </ClInclude>
  </ItemGroup>
</Project>